
Microsoft Visual Studio Solution File, Format Version 12.00
# Visual Studio 15
VisualStudioVersion = 15.0.28307.572
MinimumVisualStudioVersion = 10.0.40219.1
Project("{FAE04EC0-301F-11D3-BF4B-00C04F79EFBC}") = "App.Android", "App\App.Android\App.Android.csproj", "{7A6653E2-05E8-4257-9602-6DA7EB55DC94}"
EndProject
Project("{FAE04EC0-301F-11D3-BF4B-00C04F79EFBC}") = "App.iOS", "App\App.iOS\App.iOS.csproj", "{3B663993-B567-49AD-997B-5C9D2381B51C}"
EndProject
Project("{FAE04EC0-301F-11D3-BF4B-00C04F79EFBC}") = "App", "App\App\App.csproj", "{196FC93A-3D72-4479-A902-83A291B291FC}"
EndProject
Global
	GlobalSection(SolutionConfigurationPlatforms) = preSolution
		Ad-Hoc|Any CPU = Ad-Hoc|Any CPU
		Ad-Hoc|iPhone = Ad-Hoc|iPhone
		Ad-Hoc|iPhoneSimulator = Ad-Hoc|iPhoneSimulator
		AppStore|Any CPU = AppStore|Any CPU
		AppStore|iPhone = AppStore|iPhone
		AppStore|iPhoneSimulator = AppStore|iPhoneSimulator
		Debug|Any CPU = Debug|Any CPU
		Debug|iPhone = Debug|iPhone
		Debug|iPhoneSimulator = Debug|iPhoneSimulator
		Release|Any CPU = Release|Any CPU
		Release|iPhone = Release|iPhone
		Release|iPhoneSimulator = Release|iPhoneSimulator
	EndGlobalSection
	GlobalSection(ProjectConfigurationPlatforms) = postSolution
		{7A6653E2-05E8-4257-9602-6DA7EB55DC94}.Ad-Hoc|Any CPU.ActiveCfg = Release|Any CPU
		{7A6653E2-05E8-4257-9602-6DA7EB55DC94}.Ad-Hoc|Any CPU.Build.0 = Release|Any CPU
		{7A6653E2-05E8-4257-9602-6DA7EB55DC94}.Ad-Hoc|Any CPU.Deploy.0 = Release|Any CPU
		{7A6653E2-05E8-4257-9602-6DA7EB55DC94}.Ad-Hoc|iPhone.ActiveCfg = Release|Any CPU
		{7A6653E2-05E8-4257-9602-6DA7EB55DC94}.Ad-Hoc|iPhone.Build.0 = Release|Any CPU
		{7A6653E2-05E8-4257-9602-6DA7EB55DC94}.Ad-Hoc|iPhone.Deploy.0 = Release|Any CPU
		{7A6653E2-05E8-4257-9602-6DA7EB55DC94}.Ad-Hoc|iPhoneSimulator.ActiveCfg = Release|Any CPU
		{7A6653E2-05E8-4257-9602-6DA7EB55DC94}.Ad-Hoc|iPhoneSimulator.Build.0 = Release|Any CPU
		{7A6653E2-05E8-4257-9602-6DA7EB55DC94}.Ad-Hoc|iPhoneSimulator.Deploy.0 = Release|Any CPU
		{7A6653E2-05E8-4257-9602-6DA7EB55DC94}.AppStore|Any CPU.ActiveCfg = Release|Any CPU
		{7A6653E2-05E8-4257-9602-6DA7EB55DC94}.AppStore|Any CPU.Build.0 = Release|Any CPU
		{7A6653E2-05E8-4257-9602-6DA7EB55DC94}.AppStore|Any CPU.Deploy.0 = Release|Any CPU
		{7A6653E2-05E8-4257-9602-6DA7EB55DC94}.AppStore|iPhone.ActiveCfg = Release|Any CPU
		{7A6653E2-05E8-4257-9602-6DA7EB55DC94}.AppStore|iPhone.Build.0 = Release|Any CPU
		{7A6653E2-05E8-4257-9602-6DA7EB55DC94}.AppStore|iPhone.Deploy.0 = Release|Any CPU
		{7A6653E2-05E8-4257-9602-6DA7EB55DC94}.AppStore|iPhoneSimulator.ActiveCfg = Release|Any CPU
		{7A6653E2-05E8-4257-9602-6DA7EB55DC94}.AppStore|iPhoneSimulator.Build.0 = Release|Any CPU
		{7A6653E2-05E8-4257-9602-6DA7EB55DC94}.AppStore|iPhoneSimulator.Deploy.0 = Release|Any CPU
		{7A6653E2-05E8-4257-9602-6DA7EB55DC94}.Debug|Any CPU.ActiveCfg = Debug|Any CPU
		{7A6653E2-05E8-4257-9602-6DA7EB55DC94}.Debug|Any CPU.Build.0 = Debug|Any CPU
		{7A6653E2-05E8-4257-9602-6DA7EB55DC94}.Debug|Any CPU.Deploy.0 = Debug|Any CPU
		{7A6653E2-05E8-4257-9602-6DA7EB55DC94}.Debug|iPhone.ActiveCfg = Debug|Any CPU
		{7A6653E2-05E8-4257-9602-6DA7EB55DC94}.Debug|iPhone.Build.0 = Debug|Any CPU
		{7A6653E2-05E8-4257-9602-6DA7EB55DC94}.Debug|iPhone.Deploy.0 = Debug|Any CPU
		{7A6653E2-05E8-4257-9602-6DA7EB55DC94}.Debug|iPhoneSimulator.ActiveCfg = Debug|Any CPU
		{7A6653E2-05E8-4257-9602-6DA7EB55DC94}.Debug|iPhoneSimulator.Build.0 = Debug|Any CPU
		{7A6653E2-05E8-4257-9602-6DA7EB55DC94}.Debug|iPhoneSimulator.Deploy.0 = Debug|Any CPU
		{7A6653E2-05E8-4257-9602-6DA7EB55DC94}.Release|Any CPU.ActiveCfg = Release|Any CPU
		{7A6653E2-05E8-4257-9602-6DA7EB55DC94}.Release|Any CPU.Build.0 = Release|Any CPU
		{7A6653E2-05E8-4257-9602-6DA7EB55DC94}.Release|Any CPU.Deploy.0 = Release|Any CPU
		{7A6653E2-05E8-4257-9602-6DA7EB55DC94}.Release|iPhone.ActiveCfg = Release|Any CPU
		{7A6653E2-05E8-4257-9602-6DA7EB55DC94}.Release|iPhone.Build.0 = Release|Any CPU
		{7A6653E2-05E8-4257-9602-6DA7EB55DC94}.Release|iPhone.Deploy.0 = Release|Any CPU
		{7A6653E2-05E8-4257-9602-6DA7EB55DC94}.Release|iPhoneSimulator.ActiveCfg = Release|Any CPU
		{7A6653E2-05E8-4257-9602-6DA7EB55DC94}.Release|iPhoneSimulator.Build.0 = Release|Any CPU
		{7A6653E2-05E8-4257-9602-6DA7EB55DC94}.Release|iPhoneSimulator.Deploy.0 = Release|Any CPU
		{3B663993-B567-49AD-997B-5C9D2381B51C}.Ad-Hoc|Any CPU.ActiveCfg = Ad-Hoc|iPhone
		{3B663993-B567-49AD-997B-5C9D2381B51C}.Ad-Hoc|Any CPU.Build.0 = Ad-Hoc|iPhone
		{3B663993-B567-49AD-997B-5C9D2381B51C}.Ad-Hoc|Any CPU.Deploy.0 = Ad-Hoc|iPhone
		{3B663993-B567-49AD-997B-5C9D2381B51C}.Ad-Hoc|iPhone.ActiveCfg = Ad-Hoc|iPhone
		{3B663993-B567-49AD-997B-5C9D2381B51C}.Ad-Hoc|iPhone.Build.0 = Ad-Hoc|iPhone
		{3B663993-B567-49AD-997B-5C9D2381B51C}.Ad-Hoc|iPhone.Deploy.0 = Ad-Hoc|iPhone
		{3B663993-B567-49AD-997B-5C9D2381B51C}.Ad-Hoc|iPhoneSimulator.ActiveCfg = Ad-Hoc|iPhoneSimulator
		{3B663993-B567-49AD-997B-5C9D2381B51C}.Ad-Hoc|iPhoneSimulator.Build.0 = Ad-Hoc|iPhoneSimulator
		{3B663993-B567-49AD-997B-5C9D2381B51C}.Ad-Hoc|iPhoneSimulator.Deploy.0 = Ad-Hoc|iPhoneSimulator
		{3B663993-B567-49AD-997B-5C9D2381B51C}.AppStore|Any CPU.ActiveCfg = AppStore|iPhone
		{3B663993-B567-49AD-997B-5C9D2381B51C}.AppStore|Any CPU.Build.0 = AppStore|iPhone
		{3B663993-B567-49AD-997B-5C9D2381B51C}.AppStore|Any CPU.Deploy.0 = AppStore|iPhone
		{3B663993-B567-49AD-997B-5C9D2381B51C}.AppStore|iPhone.ActiveCfg = AppStore|iPhone
		{3B663993-B567-49AD-997B-5C9D2381B51C}.AppStore|iPhone.Build.0 = AppStore|iPhone
		{3B663993-B567-49AD-997B-5C9D2381B51C}.AppStore|iPhone.Deploy.0 = AppStore|iPhone
		{3B663993-B567-49AD-997B-5C9D2381B51C}.AppStore|iPhoneSimulator.ActiveCfg = AppStore|iPhoneSimulator
		{3B663993-B567-49AD-997B-5C9D2381B51C}.AppStore|iPhoneSimulator.Build.0 = AppStore|iPhoneSimulator
		{3B663993-B567-49AD-997B-5C9D2381B51C}.AppStore|iPhoneSimulator.Deploy.0 = AppStore|iPhoneSimulator
		{3B663993-B567-49AD-997B-5C9D2381B51C}.Debug|Any CPU.ActiveCfg = Debug|iPhoneSimulator
		{3B663993-B567-49AD-997B-5C9D2381B51C}.Debug|Any CPU.Build.0 = Debug|iPhoneSimulator
		{3B663993-B567-49AD-997B-5C9D2381B51C}.Debug|Any CPU.Deploy.0 = Debug|iPhoneSimulator
		{3B663993-B567-49AD-997B-5C9D2381B51C}.Debug|iPhone.ActiveCfg = Debug|iPhone
		{3B663993-B567-49AD-997B-5C9D2381B51C}.Debug|iPhone.Build.0 = Debug|iPhone
		{3B663993-B567-49AD-997B-5C9D2381B51C}.Debug|iPhone.Deploy.0 = Debug|iPhone
		{3B663993-B567-49AD-997B-5C9D2381B51C}.Debug|iPhoneSimulator.ActiveCfg = Debug|iPhoneSimulator
		{3B663993-B567-49AD-997B-5C9D2381B51C}.Debug|iPhoneSimulator.Build.0 = Debug|iPhoneSimulator
		{3B663993-B567-49AD-997B-5C9D2381B51C}.Debug|iPhoneSimulator.Deploy.0 = Debug|iPhoneSimulator
		{3B663993-B567-49AD-997B-5C9D2381B51C}.Release|Any CPU.ActiveCfg = Release|iPhone
		{3B663993-B567-49AD-997B-5C9D2381B51C}.Release|Any CPU.Build.0 = Release|iPhone
		{3B663993-B567-49AD-997B-5C9D2381B51C}.Release|Any CPU.Deploy.0 = Release|iPhone
		{3B663993-B567-49AD-997B-5C9D2381B51C}.Release|iPhone.ActiveCfg = Release|iPhone
		{3B663993-B567-49AD-997B-5C9D2381B51C}.Release|iPhone.Build.0 = Release|iPhone
		{3B663993-B567-49AD-997B-5C9D2381B51C}.Release|iPhone.Deploy.0 = Release|iPhone
		{3B663993-B567-49AD-997B-5C9D2381B51C}.Release|iPhoneSimulator.ActiveCfg = Release|iPhoneSimulator
		{3B663993-B567-49AD-997B-5C9D2381B51C}.Release|iPhoneSimulator.Build.0 = Release|iPhoneSimulator
		{3B663993-B567-49AD-997B-5C9D2381B51C}.Release|iPhoneSimulator.Deploy.0 = Release|iPhoneSimulator
		{196FC93A-3D72-4479-A902-83A291B291FC}.Ad-Hoc|Any CPU.ActiveCfg = Debug|Any CPU
		{196FC93A-3D72-4479-A902-83A291B291FC}.Ad-Hoc|Any CPU.Build.0 = Debug|Any CPU
		{196FC93A-3D72-4479-A902-83A291B291FC}.Ad-Hoc|Any CPU.Deploy.0 = Debug|Any CPU
		{196FC93A-3D72-4479-A902-83A291B291FC}.Ad-Hoc|iPhone.ActiveCfg = Debug|Any CPU
		{196FC93A-3D72-4479-A902-83A291B291FC}.Ad-Hoc|iPhone.Build.0 = Debug|Any CPU
		{196FC93A-3D72-4479-A902-83A291B291FC}.Ad-Hoc|iPhone.Deploy.0 = Debug|Any CPU
		{196FC93A-3D72-4479-A902-83A291B291FC}.Ad-Hoc|iPhoneSimulator.ActiveCfg = Debug|Any CPU
		{196FC93A-3D72-4479-A902-83A291B291FC}.Ad-Hoc|iPhoneSimulator.Build.0 = Debug|Any CPU
		{196FC93A-3D72-4479-A902-83A291B291FC}.Ad-Hoc|iPhoneSimulator.Deploy.0 = Debug|Any CPU
		{196FC93A-3D72-4479-A902-83A291B291FC}.AppStore|Any CPU.ActiveCfg = Debug|Any CPU
		{196FC93A-3D72-4479-A902-83A291B291FC}.AppStore|Any CPU.Build.0 = Debug|Any CPU
		{196FC93A-3D72-4479-A902-83A291B291FC}.AppStore|Any CPU.Deploy.0 = Debug|Any CPU
		{196FC93A-3D72-4479-A902-83A291B291FC}.AppStore|iPhone.ActiveCfg = Debug|Any CPU
		{196FC93A-3D72-4479-A902-83A291B291FC}.AppStore|iPhone.Build.0 = Debug|Any CPU
		{196FC93A-3D72-4479-A902-83A291B291FC}.AppStore|iPhone.Deploy.0 = Debug|Any CPU
		{196FC93A-3D72-4479-A902-83A291B291FC}.AppStore|iPhoneSimulator.ActiveCfg = Debug|Any CPU
		{196FC93A-3D72-4479-A902-83A291B291FC}.AppStore|iPhoneSimulator.Build.0 = Debug|Any CPU
		{196FC93A-3D72-4479-A902-83A291B291FC}.AppStore|iPhoneSimulator.Deploy.0 = Debug|Any CPU
		{196FC93A-3D72-4479-A902-83A291B291FC}.Debug|Any CPU.ActiveCfg = Debug|Any CPU
		{196FC93A-3D72-4479-A902-83A291B291FC}.Debug|Any CPU.Build.0 = Debug|Any CPU
		{196FC93A-3D72-4479-A902-83A291B291FC}.Debug|Any CPU.Deploy.0 = Debug|Any CPU
		{196FC93A-3D72-4479-A902-83A291B291FC}.Debug|iPhone.ActiveCfg = Debug|Any CPU
		{196FC93A-3D72-4479-A902-83A291B291FC}.Debug|iPhone.Build.0 = Debug|Any CPU
		{196FC93A-3D72-4479-A902-83A291B291FC}.Debug|iPhone.Deploy.0 = Debug|Any CPU
		{196FC93A-3D72-4479-A902-83A291B291FC}.Debug|iPhoneSimulator.ActiveCfg = Debug|Any CPU
		{196FC93A-3D72-4479-A902-83A291B291FC}.Debug|iPhoneSimulator.Build.0 = Debug|Any CPU
		{196FC93A-3D72-4479-A902-83A291B291FC}.Debug|iPhoneSimulator.Deploy.0 = Debug|Any CPU
		{196FC93A-3D72-4479-A902-83A291B291FC}.Release|Any CPU.ActiveCfg = Release|Any CPU
		{196FC93A-3D72-4479-A902-83A291B291FC}.Release|Any CPU.Build.0 = Release|Any CPU
		{196FC93A-3D72-4479-A902-83A291B291FC}.Release|Any CPU.Deploy.0 = Release|Any CPU
		{196FC93A-3D72-4479-A902-83A291B291FC}.Release|iPhone.ActiveCfg = Release|Any CPU
		{196FC93A-3D72-4479-A902-83A291B291FC}.Release|iPhone.Build.0 = Release|Any CPU
		{196FC93A-3D72-4479-A902-83A291B291FC}.Release|iPhone.Deploy.0 = Release|Any CPU
		{196FC93A-3D72-4479-A902-83A291B291FC}.Release|iPhoneSimulator.ActiveCfg = Release|Any CPU
		{196FC93A-3D72-4479-A902-83A291B291FC}.Release|iPhoneSimulator.Build.0 = Release|Any CPU
		{196FC93A-3D72-4479-A902-83A291B291FC}.Release|iPhoneSimulator.Deploy.0 = Release|Any CPU
	EndGlobalSection
	GlobalSection(SolutionProperties) = preSolution
		HideSolutionNode = FALSE
	EndGlobalSection
	GlobalSection(ExtensibilityGlobals) = postSolution
		SolutionGuid = {0A2EEB8B-BD8D-4AE4-A264-061FEC036AE4}
	EndGlobalSection
EndGlobal
